
Microsoft Visual Studio Solution File, Format Version 12.00
# Visual Studio Version 17
VisualStudioVersion = 17.8.34330.188
MinimumVisualStudioVersion = 10.0.40219.1
Project("{FAE04EC0-301F-11D3-BF4B-00C04F79EFBC}") = "MyFinances", "MyFinances\MyFinances.csproj", "{50A1D7DD-3614-437B-9300-6B5FA3699CB7}"
EndProject
Global
	GlobalSection(SolutionConfigurationPlatforms) = preSolution
		Debug|Any CPU = Debug|Any CPU
		Release|Any CPU = Release|Any CPU
	EndGlobalSection
	GlobalSection(ProjectConfigurationPlatforms) = postSolution
		{50A1D7DD-3614-437B-9300-6B5FA3699CB7}.Debug|Any CPU.ActiveCfg = Debug|Any CPU
		{50A1D7DD-3614-437B-9300-6B5FA3699CB7}.Debug|Any CPU.Build.0 = Debug|Any CPU
		{50A1D7DD-3614-437B-9300-6B5FA3699CB7}.Release|Any CPU.ActiveCfg = Release|Any CPU
		{50A1D7DD-3614-437B-9300-6B5FA3699CB7}.Release|Any CPU.Build.0 = Release|Any CPU
	EndGlobalSection
	GlobalSection(SolutionProperties) = preSolution
		HideSolutionNode = FALSE
	EndGlobalSection
	GlobalSection(ExtensibilityGlobals) = postSolution
		SolutionGuid = {F133A981-0AE7-454F-88B5-D7BCC6CB54E2}
	EndGlobalSection
EndGlobal
